
Microsoft Visual Studio Solution File, Format Version 12.00
# Visual Studio Version 16
VisualStudioVersion = 16.0.30128.74
MinimumVisualStudioVersion = 10.0.40219.1
Project("{9A19103F-16F7-4668-BE54-9A1E7A4F7556}") = "ShoppingCart", "ShoppingCart\ShoppingCart.csproj", "{7331FA57-56CC-4218-966F-D145114D38DD}"
EndProject
Project("{9A19103F-16F7-4668-BE54-9A1E7A4F7556}") = "BusinessLayer", "BusinessLayer\BusinessLayer.csproj", "{5F24A05A-DC5C-41DE-90E4-D36EF2B400D7}"
EndProject
Project("{9A19103F-16F7-4668-BE54-9A1E7A4F7556}") = "DataAccessLayer", "DataAccessLayer\DataAccessLayer.csproj", "{09656297-A9AA-42E6-AE2C-3AC4B9B339F4}"
EndProject
Project("{FAE04EC0-301F-11D3-BF4B-00C04F79EFBC}") = "UnitTestProject", "UnitTestProject\UnitTestProject.csproj", "{9BB7E897-EEF3-4D2E-8EFB-67BFFE9BE75B}"
EndProject
Global
	GlobalSection(SolutionConfigurationPlatforms) = preSolution
		Debug|Any CPU = Debug|Any CPU
		Release|Any CPU = Release|Any CPU
	EndGlobalSection
	GlobalSection(ProjectConfigurationPlatforms) = postSolution
		{7331FA57-56CC-4218-966F-D145114D38DD}.Debug|Any CPU.ActiveCfg = Debug|Any CPU
		{7331FA57-56CC-4218-966F-D145114D38DD}.Debug|Any CPU.Build.0 = Debug|Any CPU
		{7331FA57-56CC-4218-966F-D145114D38DD}.Release|Any CPU.ActiveCfg = Release|Any CPU
		{7331FA57-56CC-4218-966F-D145114D38DD}.Release|Any CPU.Build.0 = Release|Any CPU
		{5F24A05A-DC5C-41DE-90E4-D36EF2B400D7}.Debug|Any CPU.ActiveCfg = Debug|Any CPU
		{5F24A05A-DC5C-41DE-90E4-D36EF2B400D7}.Debug|Any CPU.Build.0 = Debug|Any CPU
		{5F24A05A-DC5C-41DE-90E4-D36EF2B400D7}.Release|Any CPU.ActiveCfg = Release|Any CPU
		{5F24A05A-DC5C-41DE-90E4-D36EF2B400D7}.Release|Any CPU.Build.0 = Release|Any CPU
		{09656297-A9AA-42E6-AE2C-3AC4B9B339F4}.Debug|Any CPU.ActiveCfg = Debug|Any CPU
		{09656297-A9AA-42E6-AE2C-3AC4B9B339F4}.Debug|Any CPU.Build.0 = Debug|Any CPU
		{09656297-A9AA-42E6-AE2C-3AC4B9B339F4}.Release|Any CPU.ActiveCfg = Release|Any CPU
		{09656297-A9AA-42E6-AE2C-3AC4B9B339F4}.Release|Any CPU.Build.0 = Release|Any CPU
		{9BB7E897-EEF3-4D2E-8EFB-67BFFE9BE75B}.Debug|Any CPU.ActiveCfg = Debug|Any CPU
		{9BB7E897-EEF3-4D2E-8EFB-67BFFE9BE75B}.Debug|Any CPU.Build.0 = Debug|Any CPU
		{9BB7E897-EEF3-4D2E-8EFB-67BFFE9BE75B}.Release|Any CPU.ActiveCfg = Release|Any CPU
		{9BB7E897-EEF3-4D2E-8EFB-67BFFE9BE75B}.Release|Any CPU.Build.0 = Release|Any CPU
	EndGlobalSection
	GlobalSection(SolutionProperties) = preSolution
		HideSolutionNode = FALSE
	EndGlobalSection
	GlobalSection(ExtensibilityGlobals) = postSolution
		SolutionGuid = {DA4870B6-F874-4F5F-99DC-48A3812A07E3}
	EndGlobalSection
EndGlobal
